
Microsoft Visual Studio Solution File, Format Version 12.00
# Visual Studio Version 16
VisualStudioVersion = 16.0.30413.136
MinimumVisualStudioVersion = 10.0.40219.1
Project("{FAE04EC0-301F-11D3-BF4B-00C04F79EFBC}") = "ReusableComConsoleTest", "ReusableComConsoleTest\ReusableComConsoleTest.csproj", "{C3C17233-7A13-48A1-A653-DB018692DE5D}"
EndProject
Global
	GlobalSection(SolutionConfigurationPlatforms) = preSolution
		Debug|Any CPU = Debug|Any CPU
		Release|Any CPU = Release|Any CPU
	EndGlobalSection
	GlobalSection(ProjectConfigurationPlatforms) = postSolution
		{C3C17233-7A13-48A1-A653-DB018692DE5D}.Debug|Any CPU.ActiveCfg = Debug|Any CPU
		{C3C17233-7A13-48A1-A653-DB018692DE5D}.Debug|Any CPU.Build.0 = Debug|Any CPU
		{C3C17233-7A13-48A1-A653-DB018692DE5D}.Release|Any CPU.ActiveCfg = Release|Any CPU
		{C3C17233-7A13-48A1-A653-DB018692DE5D}.Release|Any CPU.Build.0 = Release|Any CPU
	EndGlobalSection
	GlobalSection(SolutionProperties) = preSolution
		HideSolutionNode = FALSE
	EndGlobalSection
	GlobalSection(ExtensibilityGlobals) = postSolution
		SolutionGuid = {91786CE3-8041-4620-8BD5-10E73B8975CF}
	EndGlobalSection
EndGlobal
